
Microsoft Visual Studio Solution File, Format Version 12.00
# Visual Studio Version 17
VisualStudioVersion = 17.4.33213.308
MinimumVisualStudioVersion = 10.0.40219.1
Project("{9A19103F-16F7-4668-BE54-9A1E7A4F7556}") = "LookArt", "LookArt\LookArt.csproj", "{FE999F0D-DFFB-4E47-A9D8-2E5C5AF6C4A9}"
EndProject
Global
	GlobalSection(SolutionConfigurationPlatforms) = preSolution
		Debug|Any CPU = Debug|Any CPU
		Release|Any CPU = Release|Any CPU
		test|Any CPU = test|Any CPU
	EndGlobalSection
	GlobalSection(ProjectConfigurationPlatforms) = postSolution
		{FE999F0D-DFFB-4E47-A9D8-2E5C5AF6C4A9}.Debug|Any CPU.ActiveCfg = Debug|Any CPU
		{FE999F0D-DFFB-4E47-A9D8-2E5C5AF6C4A9}.Debug|Any CPU.Build.0 = Debug|Any CPU
		{FE999F0D-DFFB-4E47-A9D8-2E5C5AF6C4A9}.Release|Any CPU.ActiveCfg = Release|Any CPU
		{FE999F0D-DFFB-4E47-A9D8-2E5C5AF6C4A9}.Release|Any CPU.Build.0 = Release|Any CPU
		{FE999F0D-DFFB-4E47-A9D8-2E5C5AF6C4A9}.test|Any CPU.ActiveCfg = Debug|Any CPU
		{FE999F0D-DFFB-4E47-A9D8-2E5C5AF6C4A9}.test|Any CPU.Build.0 = Debug|Any CPU
	EndGlobalSection
	GlobalSection(SolutionProperties) = preSolution
		HideSolutionNode = FALSE
	EndGlobalSection
	GlobalSection(ExtensibilityGlobals) = postSolution
		SolutionGuid = {9DB515E3-1178-4B9B-93B9-58D1A4D77CF9}
	EndGlobalSection
EndGlobal
